
Microsoft Visual Studio Solution File, Format Version 12.00
# Visual Studio Version 16
VisualStudioVersion = 16.0.30225.117
MinimumVisualStudioVersion = 10.0.40219.1
Project("{9A19103F-16F7-4668-BE54-9A1E7A4F7556}") = "ZhEaIsNsAaBn.Exceptions", "ZhEaIsNsAaBn.Exceptions\ZhEaIsNsAaBn.Exceptions.csproj", "{E868F885-FA2A-4F7B-945D-7374A1EBD5AA}"
EndProject
Project("{9A19103F-16F7-4668-BE54-9A1E7A4F7556}") = "ZhEaIsNsAaBn.Exceptions.Core", "ZhEaIsNsAaBn.Exceptions.Core\ZhEaIsNsAaBn.Exceptions.Core.csproj", "{97A85DDB-D519-4928-B218-B54F196C2277}"
EndProject
Project("{9A19103F-16F7-4668-BE54-9A1E7A4F7556}") = "ZhEaIsNsAaBn.Exceptions.DB", "ZhEaIsNsAaBn.Exceptions.DB\ZhEaIsNsAaBn.Exceptions.DB.csproj", "{4A1D493C-D87D-4605-9D2F-B5C3B0E0F393}"
EndProject
Project("{9A19103F-16F7-4668-BE54-9A1E7A4F7556}") = "ZhEaIsNsAaBn.Exceptions.Test", "ZhEaIsNsAaBn.Exceptions.Test\ZhEaIsNsAaBn.Exceptions.Test.csproj", "{425FC1CB-3824-47BC-8CAB-ECBB27EE2B5A}"
EndProject
Project("{9A19103F-16F7-4668-BE54-9A1E7A4F7556}") = "ZhEaIsNsAaBn.Exceptions.Try", "ZhEaIsNsAaBn.Exceptions.Try\ZhEaIsNsAaBn.Exceptions.Try.csproj", "{FE557DE4-AAF6-4459-B2C8-75240FBAFEE5}"
EndProject
Project("{FAE04EC0-301F-11D3-BF4B-00C04F79EFBC}") = "ZhEaIsNsAaBn.Exceptions.UniqueDictionary", "ZhEaIsNsAaBn.Exceptions.UniqueDictionary\ZhEaIsNsAaBn.Exceptions.UniqueDictionary.csproj", "{2CA5E048-E0C2-41FC-B461-06094A30254A}"
EndProject
Global
	GlobalSection(SolutionConfigurationPlatforms) = preSolution
		Debug|Any CPU = Debug|Any CPU
		Release|Any CPU = Release|Any CPU
	EndGlobalSection
	GlobalSection(ProjectConfigurationPlatforms) = postSolution
		{E868F885-FA2A-4F7B-945D-7374A1EBD5AA}.Debug|Any CPU.ActiveCfg = Debug|Any CPU
		{E868F885-FA2A-4F7B-945D-7374A1EBD5AA}.Debug|Any CPU.Build.0 = Debug|Any CPU
		{E868F885-FA2A-4F7B-945D-7374A1EBD5AA}.Release|Any CPU.ActiveCfg = Release|Any CPU
		{E868F885-FA2A-4F7B-945D-7374A1EBD5AA}.Release|Any CPU.Build.0 = Release|Any CPU
		{97A85DDB-D519-4928-B218-B54F196C2277}.Debug|Any CPU.ActiveCfg = Debug|Any CPU
		{97A85DDB-D519-4928-B218-B54F196C2277}.Debug|Any CPU.Build.0 = Debug|Any CPU
		{97A85DDB-D519-4928-B218-B54F196C2277}.Release|Any CPU.ActiveCfg = Release|Any CPU
		{97A85DDB-D519-4928-B218-B54F196C2277}.Release|Any CPU.Build.0 = Release|Any CPU
		{4A1D493C-D87D-4605-9D2F-B5C3B0E0F393}.Debug|Any CPU.ActiveCfg = Debug|Any CPU
		{4A1D493C-D87D-4605-9D2F-B5C3B0E0F393}.Debug|Any CPU.Build.0 = Debug|Any CPU
		{4A1D493C-D87D-4605-9D2F-B5C3B0E0F393}.Release|Any CPU.ActiveCfg = Release|Any CPU
		{4A1D493C-D87D-4605-9D2F-B5C3B0E0F393}.Release|Any CPU.Build.0 = Release|Any CPU
		{425FC1CB-3824-47BC-8CAB-ECBB27EE2B5A}.Debug|Any CPU.ActiveCfg = Debug|Any CPU
		{425FC1CB-3824-47BC-8CAB-ECBB27EE2B5A}.Debug|Any CPU.Build.0 = Debug|Any CPU
		{425FC1CB-3824-47BC-8CAB-ECBB27EE2B5A}.Release|Any CPU.ActiveCfg = Release|Any CPU
		{425FC1CB-3824-47BC-8CAB-ECBB27EE2B5A}.Release|Any CPU.Build.0 = Release|Any CPU
		{FE557DE4-AAF6-4459-B2C8-75240FBAFEE5}.Debug|Any CPU.ActiveCfg = Debug|Any CPU
		{FE557DE4-AAF6-4459-B2C8-75240FBAFEE5}.Debug|Any CPU.Build.0 = Debug|Any CPU
		{FE557DE4-AAF6-4459-B2C8-75240FBAFEE5}.Release|Any CPU.ActiveCfg = Release|Any CPU
		{FE557DE4-AAF6-4459-B2C8-75240FBAFEE5}.Release|Any CPU.Build.0 = Release|Any CPU
		{2CA5E048-E0C2-41FC-B461-06094A30254A}.Debug|Any CPU.ActiveCfg = Debug|Any CPU
		{2CA5E048-E0C2-41FC-B461-06094A30254A}.Debug|Any CPU.Build.0 = Debug|Any CPU
		{2CA5E048-E0C2-41FC-B461-06094A30254A}.Release|Any CPU.ActiveCfg = Release|Any CPU
		{2CA5E048-E0C2-41FC-B461-06094A30254A}.Release|Any CPU.Build.0 = Release|Any CPU
	EndGlobalSection
	GlobalSection(SolutionProperties) = preSolution
		HideSolutionNode = FALSE
	EndGlobalSection
	GlobalSection(ExtensibilityGlobals) = postSolution
		SolutionGuid = {25E8BB9B-3C6C-4770-8175-18ABDE6AFE15}
	EndGlobalSection
EndGlobal
